
Microsoft Visual Studio Solution File, Format Version 12.00
# Visual Studio Version 16
VisualStudioVersion = 16.0.32002.261
MinimumVisualStudioVersion = 10.0.40219.1
Project("{FAE04EC0-301F-11D3-BF4B-00C04F79EFBC}") = "PazaramaLibrary", "PazaramaLibrary\PazaramaLibrary.csproj", "{90949AF2-E76A-486F-B11E-AD4C9E68843E}"
EndProject
Global
	GlobalSection(SolutionConfigurationPlatforms) = preSolution
		Debug|Any CPU = Debug|Any CPU
		Release|Any CPU = Release|Any CPU
	EndGlobalSection
	GlobalSection(ProjectConfigurationPlatforms) = postSolution
		{90949AF2-E76A-486F-B11E-AD4C9E68843E}.Debug|Any CPU.ActiveCfg = Debug|Any CPU
		{90949AF2-E76A-486F-B11E-AD4C9E68843E}.Debug|Any CPU.Build.0 = Debug|Any CPU
		{90949AF2-E76A-486F-B11E-AD4C9E68843E}.Release|Any CPU.ActiveCfg = Release|Any CPU
		{90949AF2-E76A-486F-B11E-AD4C9E68843E}.Release|Any CPU.Build.0 = Release|Any CPU
	EndGlobalSection
	GlobalSection(SolutionProperties) = preSolution
		HideSolutionNode = FALSE
	EndGlobalSection
	GlobalSection(ExtensibilityGlobals) = postSolution
		SolutionGuid = {1EEB91D1-DFE1-4ABD-B5EE-C2B418A2A0CD}
	EndGlobalSection
EndGlobal
